// !$*UTF8*$!
{
	archiveVersion = 1;
	classes = {
	};
	objectVersion = 55;
	objects = {

/* Begin PBXBuildFile section */
		6F172AF827BB8C39006347B0 /* AppDelegate.swift in Sources */ = {isa = PBXBuildFile; fileRef = 6F172AF727BB8C39006347B0 /* AppDelegate.swift */; };
		6F172AFF27BB8C39006347B0 /* Main.storyboard in Resources */ = {isa = PBXBuildFile; fileRef = 6F172AFD27BB8C39006347B0 /* Main.storyboard */; };
		6F172B0127BB8C3A006347B0 /* Assets.xcassets in Resources */ = {isa = PBXBuildFile; fileRef = 6F172B0027BB8C3A006347B0 /* Assets.xcassets */; };
		6F172B0427BB8C3A006347B0 /* LaunchScreen.storyboard in Resources */ = {isa = PBXBuildFile; fileRef = 6F172B0227BB8C3A006347B0 /* LaunchScreen.storyboard */; };
		6F172B0F27BB8C3A006347B0 /* HNYNetworkReachabilityManagerTests.swift in Sources */ = {isa = PBXBuildFile; fileRef = 6F172B0E27BB8C3A006347B0 /* HNYNetworkReachabilityManagerTests.swift */; };
		6F172B1927BB8C3A006347B0 /* HNYNetworkReachabilityManagerUITests.swift in Sources */ = {isa = PBXBuildFile; fileRef = 6F172B1827BB8C3A006347B0 /* HNYNetworkReachabilityManagerUITests.swift */; };
		6F172B1B27BB8C3A006347B0 /* HNYNetworkReachabilityManagerUITestsLaunchTests.swift in Sources */ = {isa = PBXBuildFile; fileRef = 6F172B1A27BB8C3A006347B0 /* HNYNetworkReachabilityManagerUITestsLaunchTests.swift */; };
		6F71772927BB8D42004C37C8 /* HomePageViewController.swift in Sources */ = {isa = PBXBuildFile; fileRef = 6F71772827BB8D42004C37C8 /* HomePageViewController.swift */; };
		6F71773627BBA799004C37C8 /* HNYNetworkReachabilityManager.m in Sources */ = {isa = PBXBuildFile; fileRef = 6F71773527BBA799004C37C8 /* HNYNetworkReachabilityManager.m */; };
		6F71773927BBAD1D004C37C8 /* SystemConfiguration.framework in Frameworks */ = {isa = PBXBuildFile; fileRef = 6F71773827BBAD1D004C37C8 /* SystemConfiguration.framework */; };
		6F7E213927BCEDD800620892 /* HNYNetworkReachabilityManager.podspec in Resources */ = {isa = PBXBuildFile; fileRef = 6F7E213827BCEDD800620892 /* HNYNetworkReachabilityManager.podspec */; };
/* End PBXBuildFile section */

/* Begin PBXContainerItemProxy section */
		6F172B0B27BB8C3A006347B0 /* PBXContainerItemProxy */ = {
			isa = PBXContainerItemProxy;
			containerPortal = 6F172AEC27BB8C39006347B0 /* Project object */;
			proxyType = 1;
			remoteGlobalIDString = 6F172AF327BB8C39006347B0;
			remoteInfo = HNYNetworkReachabilityManager;
		};
		6F172B1527BB8C3A006347B0 /* PBXContainerItemProxy */ = {
			isa = PBXContainerItemProxy;
			containerPortal = 6F172AEC27BB8C39006347B0 /* Project object */;
			proxyType = 1;
			remoteGlobalIDString = 6F172AF327BB8C39006347B0;
			remoteInfo = HNYNetworkReachabilityManager;
		};
/* End PBXContainerItemProxy section */

/* Begin PBXFileReference section */
		6F172AF427BB8C39006347B0 /* HNYNetworkReachabilityManager.app */ = {isa = PBXFileReference; explicitFileType = wrapper.application; includeInIndex = 0; path = HNYNetworkReachabilityManager.app; sourceTree = BUILT_PRODUCTS_DIR; };
		6F172AF727BB8C39006347B0 /* AppDelegate.swift */ = {isa = PBXFileReference; lastKnownFileType = sourcecode.swift; path = AppDelegate.swift; sourceTree = "<group>"; };
		6F172AFE27BB8C39006347B0 /* Base */ = {isa = PBXFileReference; lastKnownFileType = file.storyboard; name = Base; path = Base.lproj/Main.storyboard; sourceTree = "<group>"; };
		6F172B0027BB8C3A006347B0 /* Assets.xcassets */ = {isa = PBXFileReference; lastKnownFileType = folder.assetcatalog; path = Assets.xcassets; sourceTree = "<group>"; };
		6F172B0327BB8C3A006347B0 /* Base */ = {isa = PBXFileReference; lastKnownFileType = file.storyboard; name = Base; path = Base.lproj/LaunchScreen.storyboard; sourceTree = "<group>"; };
		6F172B0527BB8C3A006347B0 /* Info.plist */ = {isa = PBXFileReference; lastKnownFileType = text.plist.xml; path = Info.plist; sourceTree = "<group>"; };
		6F172B0A27BB8C3A006347B0 /* HNYNetworkReachabilityManagerTests.xctest */ = {isa = PBXFileReference; explicitFileType = wrapper.cfbundle; includeInIndex = 0; path = HNYNetworkReachabilityManagerTests.xctest; sourceTree = BUILT_PRODUCTS_DIR; };
		6F172B0E27BB8C3A006347B0 /* HNYNetworkReachabilityManagerTests.swift */ = {isa = PBXFileReference; lastKnownFileType = sourcecode.swift; path = HNYNetworkReachabilityManagerTests.swift; sourceTree = "<group>"; };
		6F172B1427BB8C3A006347B0 /* HNYNetworkReachabilityManagerUITests.xctest */ = {isa = PBXFileReference; explicitFileType = wrapper.cfbundle; includeInIndex = 0; path = HNYNetworkReachabilityManagerUITests.xctest; sourceTree = BUILT_PRODUCTS_DIR; };
		6F172B1827BB8C3A006347B0 /* HNYNetworkReachabilityManagerUITests.swift */ = {isa = PBXFileReference; lastKnownFileType = sourcecode.swift; path = HNYNetworkReachabilityManagerUITests.swift; sourceTree = "<group>"; };
		6F172B1A27BB8C3A006347B0 /* HNYNetworkReachabilityManagerUITestsLaunchTests.swift */ = {isa = PBXFileReference; lastKnownFileType = sourcecode.swift; path = HNYNetworkReachabilityManagerUITestsLaunchTests.swift; sourceTree = "<group>"; };
		6F71772827BB8D42004C37C8 /* HomePageViewController.swift */ = {isa = PBXFileReference; lastKnownFileType = sourcecode.swift; path = HomePageViewController.swift; sourceTree = "<group>"; };
		6F71773327BBA799004C37C8 /* HNYNetworkReachabilityManager-Bridging-Header.h */ = {isa = PBXFileReference; lastKnownFileType = sourcecode.c.h; name = "HNYNetworkReachabilityManager-Bridging-Header.h"; path = "HNYNetworkReachabilityManager/HNYNetworkReachabilityManager-Bridging-Header.h"; sourceTree = SOURCE_ROOT; };
		6F71773427BBA799004C37C8 /* HNYNetworkReachabilityManager.h */ = {isa = PBXFileReference; lastKnownFileType = sourcecode.c.h; path = HNYNetworkReachabilityManager.h; sourceTree = "<group>"; };
		6F71773527BBA799004C37C8 /* HNYNetworkReachabilityManager.m */ = {isa = PBXFileReference; lastKnownFileType = sourcecode.c.objc; path = HNYNetworkReachabilityManager.m; sourceTree = "<group>"; };
		6F71773827BBAD1D004C37C8 /* SystemConfiguration.framework */ = {isa = PBXFileReference; lastKnownFileType = wrapper.framework; name = SystemConfiguration.framework; path = System/Library/Frameworks/SystemConfiguration.framework; sourceTree = SDKROOT; };
		6F7E213827BCEDD800620892 /* HNYNetworkReachabilityManager.podspec */ = {isa = PBXFileReference; lastKnownFileType = file; path = HNYNetworkReachabilityManager.podspec; sourceTree = SOURCE_ROOT; };
/* End PBXFileReference section */

/* Begin PBXFrameworksBuildPhase section */
		6F172AF127BB8C39006347B0 /* Frameworks */ = {
			isa = PBXFrameworksBuildPhase;
			buildActionMask = 2147483647;
			files = (
				6F71773927BBAD1D004C37C8 /* SystemConfiguration.framework in Frameworks */,
			);
			runOnlyForDeploymentPostprocessing = 0;
		};
		6F172B0727BB8C3A006347B0 /* Frameworks */ = {
			isa = PBXFrameworksBuildPhase;
			buildActionMask = 2147483647;
			files = (
			);
			runOnlyForDeploymentPostprocessing = 0;
		};
		6F172B1127BB8C3A006347B0 /* Frameworks */ = {
			isa = PBXFrameworksBuildPhase;
			buildActionMask = 2147483647;
			files = (
			);
			runOnlyForDeploymentPostprocessing = 0;
		};
/* End PBXFrameworksBuildPhase section */

/* Begin PBXGroup section */
		6F172AEB27BB8C39006347B0 = {
			isa = PBXGroup;
			children = (
				6F172AF627BB8C39006347B0 /* HNYNetworkReachabilityManager */,
				6F172B0D27BB8C3A006347B0 /* HNYNetworkReachabilityManagerTests */,
				6F172B1727BB8C3A006347B0 /* HNYNetworkReachabilityManagerUITests */,
				6F172AF527BB8C39006347B0 /* Products */,
				6F71773727BBAD1C004C37C8 /* Frameworks */,
			);
			sourceTree = "<group>";
		};
		6F172AF527BB8C39006347B0 /* Products */ = {
			isa = PBXGroup;
			children = (
				6F172AF427BB8C39006347B0 /* HNYNetworkReachabilityManager.app */,
				6F172B0A27BB8C3A006347B0 /* HNYNetworkReachabilityManagerTests.xctest */,
				6F172B1427BB8C3A006347B0 /* HNYNetworkReachabilityManagerUITests.xctest */,
			);
			name = Products;
			sourceTree = "<group>";
		};
		6F172AF627BB8C39006347B0 /* HNYNetworkReachabilityManager */ = {
			isa = PBXGroup;
			children = (
				6F71772C27BB8E6F004C37C8 /* Source */,
				6F172AF727BB8C39006347B0 /* AppDelegate.swift */,
				6F71772827BB8D42004C37C8 /* HomePageViewController.swift */,
				6F172AFD27BB8C39006347B0 /* Main.storyboard */,
				6F172B0027BB8C3A006347B0 /* Assets.xcassets */,
				6F172B0227BB8C3A006347B0 /* LaunchScreen.storyboard */,
				6F172B0527BB8C3A006347B0 /* Info.plist */,
				6F71773327BBA799004C37C8 /* HNYNetworkReachabilityManager-Bridging-Header.h */,
				6F7E213827BCEDD800620892 /* HNYNetworkReachabilityManager.podspec */,
			);
			path = HNYNetworkReachabilityManager;
			sourceTree = "<group>";
		};
		6F172B0D27BB8C3A006347B0 /* HNYNetworkReachabilityManagerTests */ = {
			isa = PBXGroup;
			children = (
				6F172B0E27BB8C3A006347B0 /* HNYNetworkReachabilityManagerTests.swift */,
			);
			path = HNYNetworkReachabilityManagerTests;
			sourceTree = "<group>";
		};
		6F172B1727BB8C3A006347B0 /* HNYNetworkReachabilityManagerUITests */ = {
			isa = PBXGroup;
			children = (
				6F172B1827BB8C3A006347B0 /* HNYNetworkReachabilityManagerUITests.swift */,
				6F172B1A27BB8C3A006347B0 /* HNYNetworkReachabilityManagerUITestsLaunchTests.swift */,
			);
			path = HNYNetworkReachabilityManagerUITests;
			sourceTree = "<group>";
		};
		6F71772C27BB8E6F004C37C8 /* Source */ = {
			isa = PBXGroup;
			children = (
				6F71773427BBA799004C37C8 /* HNYNetworkReachabilityManager.h */,
				6F71773527BBA799004C37C8 /* HNYNetworkReachabilityManager.m */,
			);
			path = Source;
			sourceTree = SOURCE_ROOT;
		};
		6F71773727BBAD1C004C37C8 /* Frameworks */ = {
			isa = PBXGroup;
			children = (
				6F71773827BBAD1D004C37C8 /* SystemConfiguration.framework */,
			);
			name = Frameworks;
			sourceTree = "<group>";
		};
/* End PBXGroup section */

/* Begin PBXNativeTarget section */
		6F172AF327BB8C39006347B0 /* HNYNetworkReachabilityManager */ = {
			isa = PBXNativeTarget;
			buildConfigurationList = 6F172B1E27BB8C3A006347B0 /* Build configuration list for PBXNativeTarget "HNYNetworkReachabilityManager" */;
			buildPhases = (
				6F172AF027BB8C39006347B0 /* Sources */,
				6F172AF127BB8C39006347B0 /* Frameworks */,
				6F172AF227BB8C39006347B0 /* Resources */,
			);
			buildRules = (
			);
			dependencies = (
			);
			name = HNYNetworkReachabilityManager;
			productName = HNYNetworkReachabilityManager;
			productReference = 6F172AF427BB8C39006347B0 /* HNYNetworkReachabilityManager.app */;
			productType = "com.apple.product-type.application";
		};
		6F172B0927BB8C3A006347B0 /* HNYNetworkReachabilityManagerTests */ = {
			isa = PBXNativeTarget;
			buildConfigurationList = 6F172B2127BB8C3A006347B0 /* Build configuration list for PBXNativeTarget "HNYNetworkReachabilityManagerTests" */;
			buildPhases = (
				6F172B0627BB8C3A006347B0 /* Sources */,
				6F172B0727BB8C3A006347B0 /* Frameworks */,
				6F172B0827BB8C3A006347B0 /* Resources */,
			);
			buildRules = (
			);
			dependencies = (
				6F172B0C27BB8C3A006347B0 /* PBXTargetDependency */,
			);
			name = HNYNetworkReachabilityManagerTests;
			productName = HNYNetworkReachabilityManagerTests;
			productReference = 6F172B0A27BB8C3A006347B0 /* HNYNetworkReachabilityManagerTests.xctest */;
			productType = "com.apple.product-type.bundle.unit-test";
		};
		6F172B1327BB8C3A006347B0 /* HNYNetworkReachabilityManagerUITests */ = {
			isa = PBXNativeTarget;
			buildConfigurationList = 6F172B2427BB8C3A006347B0 /* Build configuration list for PBXNativeTarget "HNYNetworkReachabilityManagerUITests" */;
			buildPhases = (
				6F172B1027BB8C3A006347B0 /* Sources */,
				6F172B1127BB8C3A006347B0 /* Frameworks */,
				6F172B1227BB8C3A006347B0 /* Resources */,
			);
			buildRules = (
			);
			dependencies = (
				6F172B1627BB8C3A006347B0 /* PBXTargetDependency */,
			);
			name = HNYNetworkReachabilityManagerUITests;
			productName = HNYNetworkReachabilityManagerUITests;
			productReference = 6F172B1427BB8C3A006347B0 /* HNYNetworkReachabilityManagerUITests.xctest */;
			productType = "com.apple.product-type.bundle.ui-testing";
		};
/* End PBXNativeTarget section */

/* Begin PBXProject section */
		6F172AEC27BB8C39006347B0 /* Project object */ = {
			isa = PBXProject;
			attributes = {
				BuildIndependentTargetsInParallel = 1;
				LastSwiftUpdateCheck = 1320;
				LastUpgradeCheck = 1320;
				TargetAttributes = {
					6F172AF327BB8C39006347B0 = {
						CreatedOnToolsVersion = 13.2.1;
						LastSwiftMigration = 1320;
					};
					6F172B0927BB8C3A006347B0 = {
						CreatedOnToolsVersion = 13.2.1;
						TestTargetID = 6F172AF327BB8C39006347B0;
					};
					6F172B1327BB8C3A006347B0 = {
						CreatedOnToolsVersion = 13.2.1;
						TestTargetID = 6F172AF327BB8C39006347B0;
					};
				};
			};
			buildConfigurationList = 6F172AEF27BB8C39006347B0 /* Build configuration list for PBXProject "HNYNetworkReachabilityManager" */;
			compatibilityVersion = "Xcode 13.0";
			developmentRegion = en;
			hasScannedForEncodings = 0;
			knownRegions = (
				en,
				Base,
			);
			mainGroup = 6F172AEB27BB8C39006347B0;
			productRefGroup = 6F172AF527BB8C39006347B0 /* Products */;
			projectDirPath = "";
			projectRoot = "";
			targets = (
				6F172AF327BB8C39006347B0 /* HNYNetworkReachabilityManager */,
				6F172B0927BB8C3A006347B0 /* HNYNetworkReachabilityManagerTests */,
				6F172B1327BB8C3A006347B0 /* HNYNetworkReachabilityManagerUITests */,
			);
		};
/* End PBXProject section */

/* Begin PBXResourcesBuildPhase section */
		6F172AF227BB8C39006347B0 /* Resources */ = {
			isa = PBXResourcesBuildPhase;
			buildActionMask = 2147483647;
			files = (
				6F172B0427BB8C3A006347B0 /* LaunchScreen.storyboard in Resources */,
				6F172B0127BB8C3A006347B0 /* Assets.xcassets in Resources */,
				6F7E213927BCEDD800620892 /* HNYNetworkReachabilityManager.podspec in Resources */,
				6F172AFF27BB8C39006347B0 /* Main.storyboard in Resources */,
			);
			runOnlyForDeploymentPostprocessing = 0;
		};
		6F172B0827BB8C3A006347B0 /* Resources */ = {
			isa = PBXResourcesBuildPhase;
			buildActionMask = 2147483647;
			files = (
			);
			runOnlyForDeploymentPostprocessing = 0;
		};
		6F172B1227BB8C3A006347B0 /* Resources */ = {
			isa = PBXResourcesBuildPhase;
			buildActionMask = 2147483647;
			files = (
			);
			runOnlyForDeploymentPostprocessing = 0;
		};
/* End PBXResourcesBuildPhase section */

/* Begin PBXSourcesBuildPhase section */
		6F172AF027BB8C39006347B0 /* Sources */ = {
			isa = PBXSourcesBuildPhase;
			buildActionMask = 2147483647;
			files = (
				6F71773627BBA799004C37C8 /* HNYNetworkReachabilityManager.m in Sources */,
				6F71772927BB8D42004C37C8 /* HomePageViewController.swift in Sources */,
				6F172AF827BB8C39006347B0 /* AppDelegate.swift in Sources */,
			);
			runOnlyForDeploymentPostprocessing = 0;
		};
		6F172B0627BB8C3A006347B0 /* Sources */ = {
			isa = PBXSourcesBuildPhase;
			buildActionMask = 2147483647;
			files = (
				6F172B0F27BB8C3A006347B0 /* HNYNetworkReachabilityManagerTests.swift in Sources */,
			);
			runOnlyForDeploymentPostprocessing = 0;
		};
		6F172B1027BB8C3A006347B0 /* Sources */ = {
			isa = PBXSourcesBuildPhase;
			buildActionMask = 2147483647;
			files = (
				6F172B1B27BB8C3A006347B0 /* HNYNetworkReachabilityManagerUITestsLaunchTests.swift in Sources */,
				6F172B1927BB8C3A006347B0 /* HNYNetworkReachabilityManagerUITests.swift in Sources */,
			);
			runOnlyForDeploymentPostprocessing = 0;
		};
/* End PBXSourcesBuildPhase section */

/* Begin PBXTargetDependency section */
		6F172B0C27BB8C3A006347B0 /* PBXTargetDependency */ = {
			isa = PBXTargetDependency;
			target = 6F172AF327BB8C39006347B0 /* HNYNetworkReachabilityManager */;
			targetProxy = 6F172B0B27BB8C3A006347B0 /* PBXContainerItemProxy */;
		};
		6F172B1627BB8C3A006347B0 /* PBXTargetDependency */ = {
			isa = PBXTargetDependency;
			target = 6F172AF327BB8C39006347B0 /* HNYNetworkReachabilityManager */;
			targetProxy = 6F172B1527BB8C3A006347B0 /* PBXContainerItemProxy */;
		};
/* End PBXTargetDependency section */

/* Begin PBXVariantGroup section */
		6F172AFD27BB8C39006347B0 /* Main.storyboard */ = {
			isa = PBXVariantGroup;
			children = (
				6F172AFE27BB8C39006347B0 /* Base */,
			);
			name = Main.storyboard;
			sourceTree = "<group>";
		};
		6F172B0227BB8C3A006347B0 /* LaunchScreen.storyboard */ = {
			isa = PBXVariantGroup;
			children = (
				6F172B0327BB8C3A006347B0 /* Base */,
			);
			name = LaunchScreen.storyboard;
			sourceTree = "<group>";
		};
/* End PBXVariantGroup section */

/* Begin XCBuildConfiguration section */
		6F172B1C27BB8C3A006347B0 /* Debug */ = {
			isa = XCBuildConfiguration;
			buildSettings = {
				ALWAYS_SEARCH_USER_PATHS = NO;
				CLANG_ANALYZER_NONNULL = YES;
				CLANG_ANALYZER_NUMBER_OBJECT_CONVERSION = YES_AGGRESSIVE;
				CLANG_CXX_LANGUAGE_STANDARD = "gnu++17";
				CLANG_CXX_LIBRARY = "libc++";
				CLANG_ENABLE_MODULES = YES;
				CLANG_ENABLE_OBJC_ARC = YES;
				CLANG_ENABLE_OBJC_WEAK = YES;
				CLANG_WARN_BLOCK_CAPTURE_AUTORELEASING = YES;
				CLANG_WARN_BOOL_CONVERSION = YES;
				CLANG_WARN_COMMA = YES;
				CLANG_WARN_CONSTANT_CONVERSION = YES;
				CLANG_WARN_DEPRECATED_OBJC_IMPLEMENTATIONS = YES;
				CLANG_WARN_DIRECT_OBJC_ISA_USAGE = YES_ERROR;
				CLANG_WARN_DOCUMENTATION_COMMENTS = YES;
				CLANG_WARN_EMPTY_BODY = YES;
				CLANG_WARN_ENUM_CONVERSION = YES;
				CLANG_WARN_INFINITE_RECURSION = YES;
				CLANG_WARN_INT_CONVERSION = YES;
				CLANG_WARN_NON_LITERAL_NULL_CONVERSION = YES;
				CLANG_WARN_OBJC_IMPLICIT_RETAIN_SELF = YES;
				CLANG_WARN_OBJC_LITERAL_CONVERSION = YES;
				CLANG_WARN_OBJC_ROOT_CLASS = YES_ERROR;
				CLANG_WARN_QUOTED_INCLUDE_IN_FRAMEWORK_HEADER = YES;
				CLANG_WARN_RANGE_LOOP_ANALYSIS = YES;
				CLANG_WARN_STRICT_PROTOTYPES = YES;
				CLANG_WARN_SUSPICIOUS_MOVE = YES;
				CLANG_WARN_UNGUARDED_AVAILABILITY = YES_AGGRESSIVE;
				CLANG_WARN_UNREACHABLE_CODE = YES;
				CLANG_WARN__DUPLICATE_METHOD_MATCH = YES;
				COPY_PHASE_STRIP = NO;
				DEBUG_INFORMATION_FORMAT = dwarf;
				ENABLE_STRICT_OBJC_MSGSEND = YES;
				ENABLE_TESTABILITY = YES;
				GCC_C_LANGUAGE_STANDARD = gnu11;
				GCC_DYNAMIC_NO_PIC = NO;
				GCC_NO_COMMON_BLOCKS = YES;
				GCC_OPTIMIZATION_LEVEL = 0;
				GCC_PREPROCESSOR_DEFINITIONS = (
					"DEBUG=1",
					"$(inherited)",
				);
				GCC_WARN_64_TO_32_BIT_CONVERSION = YES;
				GCC_WARN_ABOUT_RETURN_TYPE = YES_ERROR;
				GCC_WARN_UNDECLARED_SELECTOR = YES;
				GCC_WARN_UNINITIALIZED_AUTOS = YES_AGGRESSIVE;
				GCC_WARN_UNUSED_FUNCTION = YES;
				GCC_WARN_UNUSED_VARIABLE = YES;
				IPHONEOS_DEPLOYMENT_TARGET = 9.0;
				MTL_ENABLE_DEBUG_INFO = INCLUDE_SOURCE;
				MTL_FAST_MATH = YES;
				ONLY_ACTIVE_ARCH = YES;
				SDKROOT = iphoneos;
				SWIFT_ACTIVE_COMPILATION_CONDITIONS = DEBUG;
				SWIFT_OPTIMIZATION_LEVEL = "-Onone";
			};
			name = Debug;
		};
		6F172B1D27BB8C3A006347B0 /* Release */ = {
			isa = XCBuildConfiguration;
			buildSettings = {
				ALWAYS_SEARCH_USER_PATHS = NO;
				CLANG_ANALYZER_NONNULL = YES;
				CLANG_ANALYZER_NUMBER_OBJECT_CONVERSION = YES_AGGRESSIVE;
				CLANG_CXX_LANGUAGE_STANDARD = "gnu++17";
				CLANG_CXX_LIBRARY = "libc++";
				CLANG_ENABLE_MODULES = YES;
				CLANG_ENABLE_OBJC_ARC = YES;
				CLANG_ENABLE_OBJC_WEAK = YES;
				CLANG_WARN_BLOCK_CAPTURE_AUTORELEASING = YES;
				CLANG_WARN_BOOL_CONVERSION = YES;
				CLANG_WARN_COMMA = YES;
				CLANG_WARN_CONSTANT_CONVERSION = YES;
				CLANG_WARN_DEPRECATED_OBJC_IMPLEMENTATIONS = YES;
				CLANG_WARN_DIRECT_OBJC_ISA_USAGE = YES_ERROR;
				CLANG_WARN_DOCUMENTATION_COMMENTS = YES;
				CLANG_WARN_EMPTY_BODY = YES;
				CLANG_WARN_ENUM_CONVERSION = YES;
				CLANG_WARN_INFINITE_RECURSION = YES;
				CLANG_WARN_INT_CONVERSION = YES;
				CLANG_WARN_NON_LITERAL_NULL_CONVERSION = YES;
				CLANG_WARN_OBJC_IMPLICIT_RETAIN_SELF = YES;
				CLANG_WARN_OBJC_LITERAL_CONVERSION = YES;
				CLANG_WARN_OBJC_ROOT_CLASS = YES_ERROR;
				CLANG_WARN_QUOTED_INCLUDE_IN_FRAMEWORK_HEADER = YES;
				CLANG_WARN_RANGE_LOOP_ANALYSIS = YES;
				CLANG_WARN_STRICT_PROTOTYPES = YES;
				CLANG_WARN_SUSPICIOUS_MOVE = YES;
				CLANG_WARN_UNGUARDED_AVAILABILITY = YES_AGGRESSIVE;
				CLANG_WARN_UNREACHABLE_CODE = YES;
				CLANG_WARN__DUPLICATE_METHOD_MATCH = YES;
				COPY_PHASE_STRIP = NO;
				DEBUG_INFORMATION_FORMAT = "dwarf-with-dsym";
				ENABLE_NS_ASSERTIONS = NO;
				ENABLE_STRICT_OBJC_MSGSEND = YES;
				GCC_C_LANGUAGE_STANDARD = gnu11;
				GCC_NO_COMMON_BLOCKS = YES;
				GCC_WARN_64_TO_32_BIT_CONVERSION = YES;
				GCC_WARN_ABOUT_RETURN_TYPE = YES_ERROR;
				GCC_WARN_UNDECLARED_SELECTOR = YES;
				GCC_WARN_UNINITIALIZED_AUTOS = YES_AGGRESSIVE;
				GCC_WARN_UNUSED_FUNCTION = YES;
				GCC_WARN_UNUSED_VARIABLE = YES;
				IPHONEOS_DEPLOYMENT_TARGET = 9.0;
				MTL_ENABLE_DEBUG_INFO = NO;
				MTL_FAST_MATH = YES;
				SDKROOT = iphoneos;
				SWIFT_COMPILATION_MODE = wholemodule;
				SWIFT_OPTIMIZATION_LEVEL = "-O";
				VALIDATE_PRODUCT = YES;
			};
			name = Release;
		};
		6F172B1F27BB8C3A006347B0 /* Debug */ = {
			isa = XCBuildConfiguration;
			buildSettings = {
				ASSETCATALOG_COMPILER_APPICON_NAME = AppIcon;
				ASSETCATALOG_COMPILER_GLOBAL_ACCENT_COLOR_NAME = AccentColor;
				CLANG_ENABLE_MODULES = YES;
				CODE_SIGN_STYLE = Automatic;
				CURRENT_PROJECT_VERSION = 1.0.0.0;
				DEVELOPMENT_TEAM = MYLHBGJFAY;
				GENERATE_INFOPLIST_FILE = YES;
				INFOPLIST_FILE = HNYNetworkReachabilityManager/Info.plist;
				INFOPLIST_KEY_CFBundleDisplayName = HNYNetworkReachabilityManager;
				INFOPLIST_KEY_UIApplicationSupportsIndirectInputEvents = YES;
				INFOPLIST_KEY_UILaunchStoryboardName = LaunchScreen;
				INFOPLIST_KEY_UIMainStoryboardFile = Main;
				INFOPLIST_KEY_UISupportedInterfaceOrientations_iPad = "UIInterfaceOrientationPortrait UIInterfaceOrientationPortraitUpsideDown UIInterfaceOrientationLandscapeLeft UIInterfaceOrientationLandscapeRight";
				INFOPLIST_KEY_UISupportedInterfaceOrientations_iPhone = "UIInterfaceOrientationPortrait UIInterfaceOrientationLandscapeLeft UIInterfaceOrientationLandscapeRight";
				LD_RUNPATH_SEARCH_PATHS = (
					"$(inherited)",
					"@executable_path/Frameworks",
				);
				MARKETING_VERSION = 1.0.0;
				PRODUCT_BUNDLE_IDENTIFIER = com.cnhnkj.networkReachabilityManager;
				PRODUCT_NAME = "$(TARGET_NAME)";
				SWIFT_EMIT_LOC_STRINGS = YES;
				SWIFT_OBJC_BRIDGING_HEADER = "HNYNetworkReachabilityManager/HNYNetworkReachabilityManager-Bridging-Header.h";
				SWIFT_OPTIMIZATION_LEVEL = "-Onone";
				SWIFT_VERSION = 5.0;
				TARGETED_DEVICE_FAMILY = "1,2";
			};
			name = Debug;
		};
		6F172B2027BB8C3A006347B0 /* Release */ = {
			isa = XCBuildConfiguration;
			buildSettings = {
				ASSETCATALOG_COMPILER_APPICON_NAME = AppIcon;
				ASSETCATALOG_COMPILER_GLOBAL_ACCENT_COLOR_NAME = AccentColor;
				CLANG_ENABLE_MODULES = YES;
				CODE_SIGN_STYLE = Automatic;
				CURRENT_PROJECT_VERSION = 1.0.0.0;
				DEVELOPMENT_TEAM = MYLHBGJFAY;
				GENERATE_INFOPLIST_FILE = YES;
				INFOPLIST_FILE = HNYNetworkReachabilityManager/Info.plist;
				INFOPLIST_KEY_CFBundleDisplayName = HNYNetworkReachabilityManager;
				INFOPLIST_KEY_UIApplicationSupportsIndirectInputEvents = YES;
				INFOPLIST_KEY_UILaunchStoryboardName = LaunchScreen;
				INFOPLIST_KEY_UIMainStoryboardFile = Main;
				INFOPLIST_KEY_UISupportedInterfaceOrientations_iPad = "UIInterfaceOrientationPortrait UIInterfaceOrientationPortraitUpsideDown UIInterfaceOrientationLandscapeLeft UIInterfaceOrientationLandscapeRight";
				INFOPLIST_KEY_UISupportedInterfaceOrientations_iPhone = "UIInterfaceOrientationPortrait UIInterfaceOrientationLandscapeLeft UIInterfaceOrientationLandscapeRight";
				LD_RUNPATH_SEARCH_PATHS = (
					"$(inherited)",
					"@executable_path/Frameworks",
				);
				MARKETING_VERSION = 1.0.0;
				PRODUCT_BUNDLE_IDENTIFIER = com.cnhnkj.networkReachabilityManager;
				PRODUCT_NAME = "$(TARGET_NAME)";
				SWIFT_EMIT_LOC_STRINGS = YES;
				SWIFT_OBJC_BRIDGING_HEADER = "HNYNetworkReachabilityManager/HNYNetworkReachabilityManager-Bridging-Header.h";
				SWIFT_VERSION = 5.0;
				TARGETED_DEVICE_FAMILY = "1,2";
			};
			name = Release;
		};
		6F172B2227BB8C3A006347B0 /* Debug */ = {
			isa = XCBuildConfiguration;
			buildSettings = {
				ALWAYS_EMBED_SWIFT_STANDARD_LIBRARIES = YES;
				BUNDLE_LOADER = "$(TEST_HOST)";
				CODE_SIGN_STYLE = Automatic;
				CURRENT_PROJECT_VERSION = 1;
				DEVELOPMENT_TEAM = MYLHBGJFAY;
				GENERATE_INFOPLIST_FILE = YES;
				IPHONEOS_DEPLOYMENT_TARGET = 15.2;
				MARKETING_VERSION = 1.0;
				PRODUCT_BUNDLE_IDENTIFIER = com.cnhnkj.HNYNetworkReachabilityManagerTests;
				PRODUCT_NAME = "$(TARGET_NAME)";
				SWIFT_EMIT_LOC_STRINGS = NO;
				SWIFT_VERSION = 5.0;
				TARGETED_DEVICE_FAMILY = "1,2";
				TEST_HOST = "$(BUILT_PRODUCTS_DIR)/HNYNetworkReachabilityManager.app/HNYNetworkReachabilityManager";
			};
			name = Debug;
		};
		6F172B2327BB8C3A006347B0 /* Release */ = {
			isa = XCBuildConfiguration;
			buildSettings = {
				ALWAYS_EMBED_SWIFT_STANDARD_LIBRARIES = YES;
				BUNDLE_LOADER = "$(TEST_HOST)";
				CODE_SIGN_STYLE = Automatic;
				CURRENT_PROJECT_VERSION = 1;
				DEVELOPMENT_TEAM = MYLHBGJFAY;
				GENERATE_INFOPLIST_FILE = YES;
				IPHONEOS_DEPLOYMENT_TARGET = 15.2;
				MARKETING_VERSION = 1.0;
				PRODUCT_BUNDLE_IDENTIFIER = com.cnhnkj.HNYNetworkReachabilityManagerTests;
				PRODUCT_NAME = "$(TARGET_NAME)";
				SWIFT_EMIT_LOC_STRINGS = NO;
				SWIFT_VERSION = 5.0;
				TARGETED_DEVICE_FAMILY = "1,2";
				TEST_HOST = "$(BUILT_PRODUCTS_DIR)/HNYNetworkReachabilityManager.app/HNYNetworkReachabilityManager";
			};
			name = Release;
		};
		6F172B2527BB8C3A006347B0 /* Debug */ = {
			isa = XCBuildConfiguration;
			buildSettings = {
				ALWAYS_EMBED_SWIFT_STANDARD_LIBRARIES = YES;
				CODE_SIGN_STYLE = Automatic;
				CURRENT_PROJECT_VERSION = 1;
				DEVELOPMENT_TEAM = MYLHBGJFAY;
				GENERATE_INFOPLIST_FILE = YES;
				MARKETING_VERSION = 1.0;
				PRODUCT_BUNDLE_IDENTIFIER = com.cnhnkj.HNYNetworkReachabilityManagerUITests;
				PRODUCT_NAME = "$(TARGET_NAME)";
				SWIFT_EMIT_LOC_STRINGS = NO;
				SWIFT_VERSION = 5.0;
				TARGETED_DEVICE_FAMILY = "1,2";
				TEST_TARGET_NAME = HNYNetworkReachabilityManager;
			};
			name = Debug;
		};
		6F172B2627BB8C3A006347B0 /* Release */ = {
			isa = XCBuildConfiguration;
			buildSettings = {
				ALWAYS_EMBED_SWIFT_STANDARD_LIBRARIES = YES;
				CODE_SIGN_STYLE = Automatic;
				CURRENT_PROJECT_VERSION = 1;
				DEVELOPMENT_TEAM = MYLHBGJFAY;
				GENERATE_INFOPLIST_FILE = YES;
				MARKETING_VERSION = 1.0;
				PRODUCT_BUNDLE_IDENTIFIER = com.cnhnkj.HNYNetworkReachabilityManagerUITests;
				PRODUCT_NAME = "$(TARGET_NAME)";
				SWIFT_EMIT_LOC_STRINGS = NO;
				SWIFT_VERSION = 5.0;
				TARGETED_DEVICE_FAMILY = "1,2";
				TEST_TARGET_NAME = HNYNetworkReachabilityManager;
			};
			name = Release;
		};
/* End XCBuildConfiguration section */

/* Begin XCConfigurationList section */
		6F172AEF27BB8C39006347B0 /* Build configuration list for PBXProject "HNYNetworkReachabilityManager" */ = {
			isa = XCConfigurationList;
			buildConfigurations = (
				6F172B1C27BB8C3A006347B0 /* Debug */,
				6F172B1D27BB8C3A006347B0 /* Release */,
			);
			defaultConfigurationIsVisible = 0;
			defaultConfigurationName = Release;
		};
		6F172B1E27BB8C3A006347B0 /* Build configuration list for PBXNativeTarget "HNYNetworkReachabilityManager" */ = {
			isa = XCConfigurationList;
			buildConfigurations = (
				6F172B1F27BB8C3A006347B0 /* Debug */,
				6F172B2027BB8C3A006347B0 /* Release */,
			);
			defaultConfigurationIsVisible = 0;
			defaultConfigurationName = Release;
		};
		6F172B2127BB8C3A006347B0 /* Build configuration list for PBXNativeTarget "HNYNetworkReachabilityManagerTests" */ = {
			isa = XCConfigurationList;
			buildConfigurations = (
				6F172B2227BB8C3A006347B0 /* Debug */,
				6F172B2327BB8C3A006347B0 /* Release */,
			);
			defaultConfigurationIsVisible = 0;
			defaultConfigurationName = Release;
		};
		6F172B2427BB8C3A006347B0 /* Build configuration list for PBXNativeTarget "HNYNetworkReachabilityManagerUITests" */ = {
			isa = XCConfigurationList;
			buildConfigurations = (
				6F172B2527BB8C3A006347B0 /* Debug */,
				6F172B2627BB8C3A006347B0 /* Release */,
			);
			defaultConfigurationIsVisible = 0;
			defaultConfigurationName = Release;
		};
/* End XCConfigurationList section */
	};
	rootObject = 6F172AEC27BB8C39006347B0 /* Project object */;
}
